
Microsoft Visual Studio Solution File, Format Version 12.00
# Visual Studio Version 17
VisualStudioVersion = 17.14.37111.16 d17.14
MinimumVisualStudioVersion = 10.0.40219.1
Project("{FAE04EC0-301F-11D3-BF4B-00C04F79EFBC}") = "VendorRiskReviewManager", "VendorRiskReviewManager\VendorRiskReviewManager.csproj", "{46F94629-5805-4135-9A47-40F65DF7B054}"
EndProject
Global
	GlobalSection(SolutionConfigurationPlatforms) = preSolution
		Debug|Any CPU = Debug|Any CPU
		Release|Any CPU = Release|Any CPU
	EndGlobalSection
	GlobalSection(ProjectConfigurationPlatforms) = postSolution
		{46F94629-5805-4135-9A47-40F65DF7B054}.Debug|Any CPU.ActiveCfg = Debug|Any CPU
		{46F94629-5805-4135-9A47-40F65DF7B054}.Debug|Any CPU.Build.0 = Debug|Any CPU
		{46F94629-5805-4135-9A47-40F65DF7B054}.Release|Any CPU.ActiveCfg = Release|Any CPU
		{46F94629-5805-4135-9A47-40F65DF7B054}.Release|Any CPU.Build.0 = Release|Any CPU
	EndGlobalSection
	GlobalSection(SolutionProperties) = preSolution
		HideSolutionNode = FALSE
	EndGlobalSection
	GlobalSection(ExtensibilityGlobals) = postSolution
		SolutionGuid = {0E4ED4BA-E838-4E12-8C46-39E774DE0A36}
	EndGlobalSection
EndGlobal
